
Microsoft Visual Studio Solution File, Format Version 12.00
Project("{FAE04EC0-301F-11D3-BF4B-00C04F79EFBC}") = "CC24-PyImage", "CC24-PyImage\CC24-PyImage.csproj", "{21BE9243-45B6-4A5F-BDF6-87262368ABF3}"
EndProject
Global
	GlobalSection(SolutionConfigurationPlatforms) = preSolution
		Debug|Any CPU = Debug|Any CPU
		Release|Any CPU = Release|Any CPU
	EndGlobalSection
	GlobalSection(ProjectConfigurationPlatforms) = postSolution
		{21BE9243-45B6-4A5F-BDF6-87262368ABF3}.Debug|Any CPU.ActiveCfg = Debug|Any CPU
		{21BE9243-45B6-4A5F-BDF6-87262368ABF3}.Debug|Any CPU.Build.0 = Debug|Any CPU
		{21BE9243-45B6-4A5F-BDF6-87262368ABF3}.Release|Any CPU.ActiveCfg = Release|Any CPU
		{21BE9243-45B6-4A5F-BDF6-87262368ABF3}.Release|Any CPU.Build.0 = Release|Any CPU
	EndGlobalSection
EndGlobal
